
Microsoft Visual Studio Solution File, Format Version 12.00
# Visual Studio Version 17
VisualStudioVersion = 17.9.34728.123
MinimumVisualStudioVersion = 10.0.40219.1
Project("{FAE04EC0-301F-11D3-BF4B-00C04F79EFBC}") = "Proyecto", "Proyecto\Proyecto.csproj", "{D825B69A-8C12-4798-8F33-6425EAB4F5E3}"
EndProject
Global
	GlobalSection(SolutionConfigurationPlatforms) = preSolution
		Debug|Any CPU = Debug|Any CPU
		Release|Any CPU = Release|Any CPU
	EndGlobalSection
	GlobalSection(ProjectConfigurationPlatforms) = postSolution
		{D825B69A-8C12-4798-8F33-6425EAB4F5E3}.Debug|Any CPU.ActiveCfg = Debug|Any CPU
		{D825B69A-8C12-4798-8F33-6425EAB4F5E3}.Debug|Any CPU.Build.0 = Debug|Any CPU
		{D825B69A-8C12-4798-8F33-6425EAB4F5E3}.Release|Any CPU.ActiveCfg = Release|Any CPU
		{D825B69A-8C12-4798-8F33-6425EAB4F5E3}.Release|Any CPU.Build.0 = Release|Any CPU
	EndGlobalSection
	GlobalSection(SolutionProperties) = preSolution
		HideSolutionNode = FALSE
	EndGlobalSection
	GlobalSection(ExtensibilityGlobals) = postSolution
		SolutionGuid = {1346B886-1F5A-4AAD-9AE9-1D6FE128502A}
	EndGlobalSection
EndGlobal
